
Microsoft Visual Studio Solution File, Format Version 12.00
# Visual Studio Version 16
VisualStudioVersion = 16.0.30517.126
MinimumVisualStudioVersion = 10.0.40219.1
Project("{9A19103F-16F7-4668-BE54-9A1E7A4F7556}") = "Shopping", "Shopping.csproj", "{FCC46EB9-F896-42A4-A8C9-5F9C0BD7E50D}"
EndProject
Project("{FAE04EC0-301F-11D3-BF4B-00C04F79EFBC}") = "UnitTestShopping", "..\UnitTestShopping\UnitTestShopping.csproj", "{F7EF7388-3CA3-43D1-B620-B752268BE93A}"
EndProject
Global
	GlobalSection(SolutionConfigurationPlatforms) = preSolution
		Debug|Any CPU = Debug|Any CPU
		Release|Any CPU = Release|Any CPU
	EndGlobalSection
	GlobalSection(ProjectConfigurationPlatforms) = postSolution
		{FCC46EB9-F896-42A4-A8C9-5F9C0BD7E50D}.Debug|Any CPU.ActiveCfg = Debug|Any CPU
		{FCC46EB9-F896-42A4-A8C9-5F9C0BD7E50D}.Debug|Any CPU.Build.0 = Debug|Any CPU
		{FCC46EB9-F896-42A4-A8C9-5F9C0BD7E50D}.Release|Any CPU.ActiveCfg = Release|Any CPU
		{FCC46EB9-F896-42A4-A8C9-5F9C0BD7E50D}.Release|Any CPU.Build.0 = Release|Any CPU
		{F7EF7388-3CA3-43D1-B620-B752268BE93A}.Debug|Any CPU.ActiveCfg = Debug|Any CPU
		{F7EF7388-3CA3-43D1-B620-B752268BE93A}.Debug|Any CPU.Build.0 = Debug|Any CPU
		{F7EF7388-3CA3-43D1-B620-B752268BE93A}.Release|Any CPU.ActiveCfg = Release|Any CPU
		{F7EF7388-3CA3-43D1-B620-B752268BE93A}.Release|Any CPU.Build.0 = Release|Any CPU
	EndGlobalSection
	GlobalSection(SolutionProperties) = preSolution
		HideSolutionNode = FALSE
	EndGlobalSection
	GlobalSection(ExtensibilityGlobals) = postSolution
		SolutionGuid = {8EDDCE7B-2CF4-4A71-AA8F-E26ED95D3446}
	EndGlobalSection
EndGlobal
